
Microsoft Visual Studio Solution File, Format Version 12.00
# Visual Studio Version 17
VisualStudioVersion = 17.7.34221.43
MinimumVisualStudioVersion = 10.0.40219.1
Project("{FAE04EC0-301F-11D3-BF4B-00C04F79EFBC}") = "SumaAppMvvm", "SumaAppMvvm\SumaAppMvvm.csproj", "{31428ADD-FCE0-48E2-AF24-D790F374EB1B}"
EndProject
Global
	GlobalSection(SolutionConfigurationPlatforms) = preSolution
		Debug|Any CPU = Debug|Any CPU
		Release|Any CPU = Release|Any CPU
	EndGlobalSection
	GlobalSection(ProjectConfigurationPlatforms) = postSolution
		{31428ADD-FCE0-48E2-AF24-D790F374EB1B}.Debug|Any CPU.ActiveCfg = Debug|Any CPU
		{31428ADD-FCE0-48E2-AF24-D790F374EB1B}.Debug|Any CPU.Build.0 = Debug|Any CPU
		{31428ADD-FCE0-48E2-AF24-D790F374EB1B}.Debug|Any CPU.Deploy.0 = Debug|Any CPU
		{31428ADD-FCE0-48E2-AF24-D790F374EB1B}.Release|Any CPU.ActiveCfg = Release|Any CPU
		{31428ADD-FCE0-48E2-AF24-D790F374EB1B}.Release|Any CPU.Build.0 = Release|Any CPU
		{31428ADD-FCE0-48E2-AF24-D790F374EB1B}.Release|Any CPU.Deploy.0 = Release|Any CPU
	EndGlobalSection
	GlobalSection(SolutionProperties) = preSolution
		HideSolutionNode = FALSE
	EndGlobalSection
	GlobalSection(ExtensibilityGlobals) = postSolution
		SolutionGuid = {61E11ED0-E67D-4EE5-A7DC-AE4F5E5F6246}
	EndGlobalSection
EndGlobal
